{
  "name": "@virtual-programmers-network/vpn-website",
  "version": "0.1.0",
  "lockfileVersion": 2,
  "requires": true,
  "packages": {
    "": {
      "name": "@virtual-programmers-network/vpn-website",
      "version": "0.1.0",
      "license": "Apache-2.0",
      "engines": {
        "node": ">=16",
        "npm": ">=7"
      }
    }
  }
}
